Microsoft Visual Studio Solution File, Format Version 12.00
# Visual Studio 15
VisualStudioVersion = 15.0.27004.2008
MinimumVisualStudioVersion = 10.0.40219.1
Project("{FAE04EC0-301F-11D3-BF4B-00C04F79EFBC}") = "ExampleMod1", "Source\ExampleMod1\ExampleMod1.csproj", "{A658D7A5-E9F4-4BE4-84EC-711FDA93F18C}"
EndProject
Project("{FAE04EC0-301F-11D3-BF4B-00C04F79EFBC}") = "ExampleMod3", "Source\ExampleMod3\ExampleMod3.csproj", "{E3E4D0B7-656C-6C50-7567-696E2E57696E}"
EndProject
Project("{FAE04EC0-301F-11D3-BF4B-00C04F79EFBC}") = "ExampleMod2", "Source\ExampleMod2\ExampleMod2.csproj", "{A90EC5E4-3AFF-4952-9FFA-37D82DF44585}"
EndProject
Global
	GlobalSection(SolutionConfigurationPlatforms) = preSolution
		Debug|Any CPU = Debug|Any CPU
		Release|Any CPU = Release|Any CPU
	EndGlobalSection
	GlobalSection(ProjectConfigurationPlatforms) = postSolution
		{E3E4D0B7-656C-6C50-7567-696E2E57696E}.Debug|Any CPU.ActiveCfg = Debug|Any CPU
		{E3E4D0B7-656C-6C50-7567-696E2E57696E}.Debug|Any CPU.Build.0 = Debug|Any CPU
		{E3E4D0B7-656C-6C50-7567-696E2E57696E}.Release|Any CPU.ActiveCfg = Release|Any CPU
		{E3E4D0B7-656C-6C50-7567-696E2E57696E}.Release|Any CPU.Build.0 = Release|Any CPU
		{A90EC5E4-3AFF-4952-9FFA-37D82DF44585}.Debug|Any CPU.ActiveCfg = Debug|Any CPU
		{A90EC5E4-3AFF-4952-9FFA-37D82DF44585}.Debug|Any CPU.Build.0 = Debug|Any CPU
		{A90EC5E4-3AFF-4952-9FFA-37D82DF44585}.Release|Any CPU.ActiveCfg = Release|Any CPU
		{A90EC5E4-3AFF-4952-9FFA-37D82DF44585}.Release|Any CPU.Build.0 = Release|Any CPU
		{A658D7A5-E9F4-4BE4-84EC-711FDA93F18C}.Debug|Any CPU.ActiveCfg = Debug|Any CPU
		{A658D7A5-E9F4-4BE4-84EC-711FDA93F18C}.Debug|Any CPU.Build.0 = Debug|Any CPU
		{A658D7A5-E9F4-4BE4-84EC-711FDA93F18C}.Release|Any CPU.ActiveCfg = Release|Any CPU
		{A658D7A5-E9F4-4BE4-84EC-711FDA93F18C}.Release|Any CPU.Build.0 = Release|Any CPU
	EndGlobalSection
	GlobalSection(SolutionProperties) = preSolution
		HideSolutionNode = FALSE
	EndGlobalSection
	GlobalSection(ExtensibilityGlobals) = postSolution
		SolutionGuid = {0B6039D8-7AE8-4EF9-93DB-5FE3C02F93C5}
	EndGlobalSection
EndGlobal
