{
  "version": 1,
  "dependencies": {
    ".NETFramework,Version=v4.7.2": {
      "Mono.Cecil": {
        "type": "Direct",
        "requested": "[0.11.6, )",
        "resolved": "0.11.6",
        "contentHash": "f33RkDtZO8VlGXCtmQIviOtxgnUdym9xx/b1p9h91CRGOsJFxCFOFK1FDbVt1OCf1aWwYejUFa2MOQyFWTFjbA=="
      },
      "MonoMod.RuntimeDetour": {
        "type": "Direct",
        "requested": "[25.3.6, )",
        "resolved": "25.3.6",
        "contentHash": "2var7nTk7TFIxOIyH1xyRLE0n6xVjmzRRIhsaL3iila6autQPeEeXqBT9mEqwjWTVMoWpNmXiOEB1a0t2sMujw==",
        "dependencies": {
          "Mono.Cecil": "0.11.6",
          "MonoMod.Backports": "1.1.2",
          "MonoMod.Core": "1.3.6",
          "MonoMod.ILHelpers": "1.1.0",
          "MonoMod.Utils": "25.0.14"
        }
      },
      "MonoMod.Backports": {
        "type": "Transitive",
        "resolved": "1.1.2",
        "contentHash": "baYlNy8n8kmaNhNvqmZ/dIPOeO1r9//dG1i2WbunMWtWZ2EKtIgmXaS+ZzphzTsikkGnoD4Jwr5g0TVdpDjgpw==",
        "dependencies": {
          "MonoMod.ILHelpers": "1.1.0",
          "System.ValueTuple": "4.5.0"
        }
      },
      "MonoMod.Core": {
        "type": "Transitive",
        "resolved": "1.3.6",
        "contentHash": "GD28eU8S3KVGCpeaLzQbtAswsJSdiUO3DzUU4vZqhPgYNt51PTmFwP6lmnu7FxJkPWSHZBs5aEl6v0wt64Xqlw==",
        "dependencies": {
          "Mono.Cecil": "0.11.6",
          "MonoMod.Backports": "1.1.2",
          "MonoMod.ILHelpers": "1.1.0",
          "MonoMod.Utils": "25.0.14"
        }
      },
      "MonoMod.ILHelpers": {
        "type": "Transitive",
        "resolved": "1.1.0",
        "contentHash": "L2FWjhTrv7tcIxshfZ+M3OcaNr4cNw0IwiVZEgwqRnZ5QAN3+RrNJ8ZwCzwXUWyPDqooJxMcjjg8PsSYUiNBjQ=="
      },
      "MonoMod.Utils": {
        "type": "Transitive",
        "resolved": "25.0.14",
        "contentHash": "o481/gh7MJkKHZIYrqBwPfPhDF1WevuH3xPnuFa2SCDKkPdl0InnJmxnwIvRCQj+plhnsy1EUNYQ/zaEZflZnQ==",
        "dependencies": {
          "Mono.Cecil": "0.11.6",
          "MonoMod.Backports": "1.1.2",
          "MonoMod.ILHelpers": "1.1.0"
        }
      },
      "System.ValueTuple": {
        "type": "Transitive",
        "resolved": "4.5.0",
        "contentHash": "okurQJO6NRE/apDIP23ajJ0hpiNmJ+f0BwOlB/cSqTLQlw5upkf+5+96+iG2Jw40G1fCVCyPz/FhIABUjMR+RQ=="
      }
    },
    ".NETFramework,Version=v4.7.2/win-x86": {}
  }
}